PODS:
  - AppLovinSDK (13.6.3)
  - Flutter (1.0.0)
  - Google-Mobile-Ads-SDK (13.3.0):
    - GoogleUserMessagingPlatform (>= 1.1)
  - google_mobile_ads (9.0.0):
    - Flutter
    - Google-Mobile-Ads-SDK (~> 13.3.0)
    - webview_flutter_wkwebview
  - GoogleUserMessagingPlatform (3.1.0)
  - integration_test (0.0.1):
    - Flutter
  - prebid_mobile_sdk (0.0.1):
    - Flutter
    - PrebidMobile (~> 3.1)
  - prebid_mobile_sdk_admob (0.0.1):
    - Flutter
    - PrebidMobileAdMobAdapters (~> 3.1)
  - prebid_mobile_sdk_gam (0.0.1):
    - Flutter
    - PrebidMobileGAMEventHandlers (~> 3.1)
  - prebid_mobile_sdk_max (0.0.1):
    - Flutter
    - PrebidMobileMAXAdapters (~> 3.1)
  - PrebidMobile (3.3.0):
    - PrebidMobile/core (= 3.3.0)
  - PrebidMobile/core (3.3.0)
  - PrebidMobileAdMobAdapters (3.3.0):
    - Google-Mobile-Ads-SDK (>= 13.0.0)
    - PrebidMobile (= 3.3.0)
  - PrebidMobileGAMEventHandlers (3.3.0):
    - Google-Mobile-Ads-SDK (>= 13.0.0)
    - PrebidMobile (= 3.3.0)
  - PrebidMobileMAXAdapters (3.3.0):
    - AppLovinSDK
    - PrebidMobile (= 3.3.0)
  - shared_preferences_foundation (0.0.1):
    - Flutter
    - FlutterMacOS
  - url_launcher_ios (0.0.1):
    - Flutter
  - webview_flutter_wkwebview (0.0.1):
    - Flutter
    - FlutterMacOS

DEPENDENCIES:
  - Flutter (from `Flutter`)
  - google_mobile_ads (from `.symlinks/plugins/google_mobile_ads/ios`)
  - integration_test (from `.symlinks/plugins/integration_test/ios`)
  - prebid_mobile_sdk (from `.symlinks/plugins/prebid_mobile_sdk/ios`)
  - prebid_mobile_sdk_admob (from `.symlinks/plugins/prebid_mobile_sdk_admob/ios`)
  - prebid_mobile_sdk_gam (from `.symlinks/plugins/prebid_mobile_sdk_gam/ios`)
  - prebid_mobile_sdk_max (from `.symlinks/plugins/prebid_mobile_sdk_max/ios`)
  - shared_preferences_foundation (from `.symlinks/plugins/shared_preferences_foundation/darwin`)
  - url_launcher_ios (from `.symlinks/plugins/url_launcher_ios/ios`)
  - webview_flutter_wkwebview (from `.symlinks/plugins/webview_flutter_wkwebview/darwin`)

SPEC REPOS:
  trunk:
    - AppLovinSDK
    - Google-Mobile-Ads-SDK
    - GoogleUserMessagingPlatform
    - PrebidMobile
    - PrebidMobileAdMobAdapters
    - PrebidMobileGAMEventHandlers
    - PrebidMobileMAXAdapters

EXTERNAL SOURCES:
  Flutter:
    :path: Flutter
  google_mobile_ads:
    :path: ".symlinks/plugins/google_mobile_ads/ios"
  integration_test:
    :path: ".symlinks/plugins/integration_test/ios"
  prebid_mobile_sdk:
    :path: ".symlinks/plugins/prebid_mobile_sdk/ios"
  prebid_mobile_sdk_admob:
    :path: ".symlinks/plugins/prebid_mobile_sdk_admob/ios"
  prebid_mobile_sdk_gam:
    :path: ".symlinks/plugins/prebid_mobile_sdk_gam/ios"
  prebid_mobile_sdk_max:
    :path: ".symlinks/plugins/prebid_mobile_sdk_max/ios"
  shared_preferences_foundation:
    :path: ".symlinks/plugins/shared_preferences_foundation/darwin"
  url_launcher_ios:
    :path: ".symlinks/plugins/url_launcher_ios/ios"
  webview_flutter_wkwebview:
    :path: ".symlinks/plugins/webview_flutter_wkwebview/darwin"

SPEC CHECKSUMS:
  AppLovinSDK: f3da9503e8193d8c4badc1a9965d73a0779812fa
  Flutter: cabc95a1d2626b1b06e7179b784ebcf0c0cde467
  Google-Mobile-Ads-SDK: 7692126a35ed859f20635af281c50a2162be8bea
  google_mobile_ads: bab325fd4e31c9705cab0cb298e4f5a9bdb7370f
  GoogleUserMessagingPlatform: befe603da6501006420c206222acd449bba45a9c
  integration_test: 4a889634ef21a45d28d50d622cf412dc6d9f586e
  prebid_mobile_sdk: e879d34c385fd7bd334ea2a18a1fe41b369583e3
  prebid_mobile_sdk_admob: 6e54bd8114d9e0466b054cd3d0654eefa37a5791
  prebid_mobile_sdk_gam: 9d25b26460c7f2758c2fc9c6e652b348855514ee
  prebid_mobile_sdk_max: a5d279635218d64204d00f072beec9f077c5b29f
  PrebidMobile: 3712f3c98fd66f918dde268e8a9ac0ee8e09fcca
  PrebidMobileAdMobAdapters: afcfd2bda54dc024a7ec9ea43f521b5a6e4d5563
  PrebidMobileGAMEventHandlers: bcac5da28f521db8b0b90a5c88efd8b467fa03ba
  PrebidMobileMAXAdapters: eaa7106f1aab284737423ed5547c611c092a6e98
  shared_preferences_foundation: 7036424c3d8ec98dfe75ff1667cb0cd531ec82bb
  url_launcher_ios: 7a95fa5b60cc718a708b8f2966718e93db0cef1b
  webview_flutter_wkwebview: 8ebf4fded22593026f7dbff1fbff31ea98573c8d

PODFILE CHECKSUM: 3c63482e143d1b91d2d2560aee9fb04ecc74ac7e

COCOAPODS: 1.16.2
