PODS:
  - Flutter (1.0.0)
  - Google-Mobile-Ads-SDK (13.3.0):
    - GoogleUserMessagingPlatform (>= 1.1)
  - google_mobile_ads (9.0.0):
    - Flutter
    - Google-Mobile-Ads-SDK (~> 13.3.0)
    - webview_flutter_wkwebview
  - GoogleUserMessagingPlatform (3.1.0)
  - integration_test (0.0.1):
    - Flutter
  - prebid_mobile_sdk (0.0.1):
    - Flutter
    - PrebidMobile (~> 3.1)
  - PrebidMobile (3.3.0):
    - PrebidMobile/core (= 3.3.0)
  - PrebidMobile/core (3.3.0)
  - shared_preferences_foundation (0.0.1):
    - Flutter
    - FlutterMacOS
  - url_launcher_ios (0.0.1):
    - Flutter
  - webview_flutter_wkwebview (0.0.1):
    - Flutter
    - FlutterMacOS

DEPENDENCIES:
  - Flutter (from `Flutter`)
  - google_mobile_ads (from `.symlinks/plugins/google_mobile_ads/ios`)
  - integration_test (from `.symlinks/plugins/integration_test/ios`)
  - prebid_mobile_sdk (from `.symlinks/plugins/prebid_mobile_sdk/ios`)
  - shared_preferences_foundation (from `.symlinks/plugins/shared_preferences_foundation/darwin`)
  - url_launcher_ios (from `.symlinks/plugins/url_launcher_ios/ios`)
  - webview_flutter_wkwebview (from `.symlinks/plugins/webview_flutter_wkwebview/darwin`)

SPEC REPOS:
  trunk:
    - Google-Mobile-Ads-SDK
    - GoogleUserMessagingPlatform
    - PrebidMobile

EXTERNAL SOURCES:
  Flutter:
    :path: Flutter
  google_mobile_ads:
    :path: ".symlinks/plugins/google_mobile_ads/ios"
  integration_test:
    :path: ".symlinks/plugins/integration_test/ios"
  prebid_mobile_sdk:
    :path: ".symlinks/plugins/prebid_mobile_sdk/ios"
  shared_preferences_foundation:
    :path: ".symlinks/plugins/shared_preferences_foundation/darwin"
  url_launcher_ios:
    :path: ".symlinks/plugins/url_launcher_ios/ios"
  webview_flutter_wkwebview:
    :path: ".symlinks/plugins/webview_flutter_wkwebview/darwin"

SPEC CHECKSUMS:
  Flutter: cabc95a1d2626b1b06e7179b784ebcf0c0cde467
  Google-Mobile-Ads-SDK: 7692126a35ed859f20635af281c50a2162be8bea
  google_mobile_ads: bab325fd4e31c9705cab0cb298e4f5a9bdb7370f
  GoogleUserMessagingPlatform: befe603da6501006420c206222acd449bba45a9c
  integration_test: 4a889634ef21a45d28d50d622cf412dc6d9f586e
  prebid_mobile_sdk: 2889cb5435ffe0244f328b0cdcab6b308a7f3bf6
  PrebidMobile: 3712f3c98fd66f918dde268e8a9ac0ee8e09fcca
  shared_preferences_foundation: 7036424c3d8ec98dfe75ff1667cb0cd531ec82bb
  url_launcher_ios: 7a95fa5b60cc718a708b8f2966718e93db0cef1b
  webview_flutter_wkwebview: 8ebf4fded22593026f7dbff1fbff31ea98573c8d

PODFILE CHECKSUM: 3c63482e143d1b91d2d2560aee9fb04ecc74ac7e

COCOAPODS: 1.16.2
